
Microsoft Visual Studio Solution File, Format Version 12.00
# Visual Studio Version 16
VisualStudioVersion = 16.0.30114.105
MinimumVisualStudioVersion = 10.0.40219.1
Project("{FAE04EC0-301F-11D3-BF4B-00C04F79EFBC}") = "CNPM_SE_12", "CNPM_SE_12\CNPM_SE_12.csproj", "{4BC1A9CE-AAEB-4625-88F5-E21E93BB812D}"
EndProject
Global
	GlobalSection(SolutionConfigurationPlatforms) = preSolution
		Debug|Any CPU = Debug|Any CPU
		Release|Any CPU = Release|Any CPU
	EndGlobalSection
	GlobalSection(ProjectConfigurationPlatforms) = postSolution
		{4BC1A9CE-AAEB-4625-88F5-E21E93BB812D}.Debug|Any CPU.ActiveCfg = Debug|Any CPU
		{4BC1A9CE-AAEB-4625-88F5-E21E93BB812D}.Debug|Any CPU.Build.0 = Debug|Any CPU
		{4BC1A9CE-AAEB-4625-88F5-E21E93BB812D}.Release|Any CPU.ActiveCfg = Release|Any CPU
		{4BC1A9CE-AAEB-4625-88F5-E21E93BB812D}.Release|Any CPU.Build.0 = Release|Any CPU
	EndGlobalSection
	GlobalSection(SolutionProperties) = preSolution
		HideSolutionNode = FALSE
	EndGlobalSection
	GlobalSection(ExtensibilityGlobals) = postSolution
		SolutionGuid = {3F7F12F9-C189-4FCA-8DBA-A679846EF7D0}
	EndGlobalSection
EndGlobal
